
Microsoft Visual Studio Solution File, Format Version 12.00
# Visual Studio Version 17
VisualStudioVersion = 17.4.33110.190
MinimumVisualStudioVersion = 10.0.40219.1
Project("{9A19103F-16F7-4668-BE54-9A1E7A4F7556}") = "UWM", "UWM\UWM.csproj", "{14C000E3-608E-4FB7-8071-889CB8EDE279}"
EndProject
Project("{9A19103F-16F7-4668-BE54-9A1E7A4F7556}") = "UWM.Domain", "UWM.Domain\UWM.Domain.csproj", "{0BDA2623-8535-4357-8CDF-CDA8A80731F6}"
EndProject
Project("{9A19103F-16F7-4668-BE54-9A1E7A4F7556}") = "UWM.DAL", "UWM.DAL\UWM.DAL.csproj", "{B3AE464F-5392-446E-AC63-00C13AB4C37F}"
EndProject
Project("{9A19103F-16F7-4668-BE54-9A1E7A4F7556}") = "UWM.BLL", "UWM.BLL\UWM.BLL.csproj", "{1A77FD4A-685F-4EAF-A206-5233B1CFBD7A}"
EndProject
Global
	GlobalSection(SolutionConfigurationPlatforms) = preSolution
		Debug|Any CPU = Debug|Any CPU
		Release|Any CPU = Release|Any CPU
	EndGlobalSection
	GlobalSection(ProjectConfigurationPlatforms) = postSolution
		{14C000E3-608E-4FB7-8071-889CB8EDE279}.Debug|Any CPU.ActiveCfg = Debug|Any CPU
		{14C000E3-608E-4FB7-8071-889CB8EDE279}.Debug|Any CPU.Build.0 = Debug|Any CPU
		{14C000E3-608E-4FB7-8071-889CB8EDE279}.Release|Any CPU.ActiveCfg = Release|Any CPU
		{14C000E3-608E-4FB7-8071-889CB8EDE279}.Release|Any CPU.Build.0 = Release|Any CPU
		{0BDA2623-8535-4357-8CDF-CDA8A80731F6}.Debug|Any CPU.ActiveCfg = Debug|Any CPU
		{0BDA2623-8535-4357-8CDF-CDA8A80731F6}.Debug|Any CPU.Build.0 = Debug|Any CPU
		{0BDA2623-8535-4357-8CDF-CDA8A80731F6}.Release|Any CPU.ActiveCfg = Release|Any CPU
		{0BDA2623-8535-4357-8CDF-CDA8A80731F6}.Release|Any CPU.Build.0 = Release|Any CPU
		{B3AE464F-5392-446E-AC63-00C13AB4C37F}.Debug|Any CPU.ActiveCfg = Debug|Any CPU
		{B3AE464F-5392-446E-AC63-00C13AB4C37F}.Debug|Any CPU.Build.0 = Debug|Any CPU
		{B3AE464F-5392-446E-AC63-00C13AB4C37F}.Release|Any CPU.ActiveCfg = Release|Any CPU
		{B3AE464F-5392-446E-AC63-00C13AB4C37F}.Release|Any CPU.Build.0 = Release|Any CPU
		{1A77FD4A-685F-4EAF-A206-5233B1CFBD7A}.Debug|Any CPU.ActiveCfg = Debug|Any CPU
		{1A77FD4A-685F-4EAF-A206-5233B1CFBD7A}.Debug|Any CPU.Build.0 = Debug|Any CPU
		{1A77FD4A-685F-4EAF-A206-5233B1CFBD7A}.Release|Any CPU.ActiveCfg = Release|Any CPU
		{1A77FD4A-685F-4EAF-A206-5233B1CFBD7A}.Release|Any CPU.Build.0 = Release|Any CPU
	EndGlobalSection
	GlobalSection(SolutionProperties) = preSolution
		HideSolutionNode = FALSE
	EndGlobalSection
	GlobalSection(ExtensibilityGlobals) = postSolution
		SolutionGuid = {69559448-8F4C-426F-A631-2738F75C30D3}
	EndGlobalSection
EndGlobal
